
Microsoft Visual Studio Solution File, Format Version 12.00
# Visual Studio Version 17
VisualStudioVersion = 17.7.34009.444
MinimumVisualStudioVersion = 10.0.40219.1
Project("{FAE04EC0-301F-11D3-BF4B-00C04F79EFBC}") = "Private Constructor", "Private Constructor\Private Constructor.csproj", "{E11ABD4E-777C-461C-A324-297A103988D1}"
EndProject
Global
	GlobalSection(SolutionConfigurationPlatforms) = preSolution
		Debug|Any CPU = Debug|Any CPU
		Release|Any CPU = Release|Any CPU
	EndGlobalSection
	GlobalSection(ProjectConfigurationPlatforms) = postSolution
		{E11ABD4E-777C-461C-A324-297A103988D1}.Debug|Any CPU.ActiveCfg = Debug|Any CPU
		{E11ABD4E-777C-461C-A324-297A103988D1}.Debug|Any CPU.Build.0 = Debug|Any CPU
		{E11ABD4E-777C-461C-A324-297A103988D1}.Release|Any CPU.ActiveCfg = Release|Any CPU
		{E11ABD4E-777C-461C-A324-297A103988D1}.Release|Any CPU.Build.0 = Release|Any CPU
	EndGlobalSection
	GlobalSection(SolutionProperties) = preSolution
		HideSolutionNode = FALSE
	EndGlobalSection
	GlobalSection(ExtensibilityGlobals) = postSolution
		SolutionGuid = {DAD43343-DC35-481E-8CC3-0933D03FF5AC}
	EndGlobalSection
EndGlobal
