
Microsoft Visual Studio Solution File, Format Version 12.00
# Visual Studio Version 17
VisualStudioVersion = 17.7.34009.444
MinimumVisualStudioVersion = 10.0.40219.1
Project("{FAE04EC0-301F-11D3-BF4B-00C04F79EFBC}") = "Method Hiding", "Method Hiding\Method Hiding.csproj", "{68A85531-A8C8-4AD6-9088-4A6DC07D97BF}"
EndProject
Global
	GlobalSection(SolutionConfigurationPlatforms) = preSolution
		Debug|Any CPU = Debug|Any CPU
		Release|Any CPU = Release|Any CPU
	EndGlobalSection
	GlobalSection(ProjectConfigurationPlatforms) = postSolution
		{68A85531-A8C8-4AD6-9088-4A6DC07D97BF}.Debug|Any CPU.ActiveCfg = Debug|Any CPU
		{68A85531-A8C8-4AD6-9088-4A6DC07D97BF}.Debug|Any CPU.Build.0 = Debug|Any CPU
		{68A85531-A8C8-4AD6-9088-4A6DC07D97BF}.Release|Any CPU.ActiveCfg = Release|Any CPU
		{68A85531-A8C8-4AD6-9088-4A6DC07D97BF}.Release|Any CPU.Build.0 = Release|Any CPU
	EndGlobalSection
	GlobalSection(SolutionProperties) = preSolution
		HideSolutionNode = FALSE
	EndGlobalSection
	GlobalSection(ExtensibilityGlobals) = postSolution
		SolutionGuid = {2AE00698-9935-4AAF-89EF-E2EE93259CFF}
	EndGlobalSection
EndGlobal
