
Microsoft Visual Studio Solution File, Format Version 12.00
# Visual Studio Version 17
VisualStudioVersion = 17.7.34009.444
MinimumVisualStudioVersion = 10.0.40219.1
Project("{FAE04EC0-301F-11D3-BF4B-00C04F79EFBC}") = "Abstraction", "Abstraction\Abstraction.csproj", "{5F0DF9A3-A537-4FAB-B1BC-8D116102C096}"
EndProject
Global
	GlobalSection(SolutionConfigurationPlatforms) = preSolution
		Debug|Any CPU = Debug|Any CPU
		Release|Any CPU = Release|Any CPU
	EndGlobalSection
	GlobalSection(ProjectConfigurationPlatforms) = postSolution
		{5F0DF9A3-A537-4FAB-B1BC-8D116102C096}.Debug|Any CPU.ActiveCfg = Debug|Any CPU
		{5F0DF9A3-A537-4FAB-B1BC-8D116102C096}.Debug|Any CPU.Build.0 = Debug|Any CPU
		{5F0DF9A3-A537-4FAB-B1BC-8D116102C096}.Release|Any CPU.ActiveCfg = Release|Any CPU
		{5F0DF9A3-A537-4FAB-B1BC-8D116102C096}.Release|Any CPU.Build.0 = Release|Any CPU
	EndGlobalSection
	GlobalSection(SolutionProperties) = preSolution
		HideSolutionNode = FALSE
	EndGlobalSection
	GlobalSection(ExtensibilityGlobals) = postSolution
		SolutionGuid = {9DFF4596-828C-4DCB-9A3F-E044C5381CC7}
	EndGlobalSection
EndGlobal
