
Microsoft Visual Studio Solution File, Format Version 12.00
# Visual Studio Version 17
VisualStudioVersion = 17.7.34009.444
MinimumVisualStudioVersion = 10.0.40219.1
Project("{FAE04EC0-301F-11D3-BF4B-00C04F79EFBC}") = "Practice", "Practice\Practice.csproj", "{547E166E-8A2B-46C1-A56C-7068029E4C77}"
EndProject
Global
	GlobalSection(SolutionConfigurationPlatforms) = preSolution
		Debug|Any CPU = Debug|Any CPU
		Release|Any CPU = Release|Any CPU
	EndGlobalSection
	GlobalSection(ProjectConfigurationPlatforms) = postSolution
		{547E166E-8A2B-46C1-A56C-7068029E4C77}.Debug|Any CPU.ActiveCfg = Debug|Any CPU
		{547E166E-8A2B-46C1-A56C-7068029E4C77}.Debug|Any CPU.Build.0 = Debug|Any CPU
		{547E166E-8A2B-46C1-A56C-7068029E4C77}.Release|Any CPU.ActiveCfg = Release|Any CPU
		{547E166E-8A2B-46C1-A56C-7068029E4C77}.Release|Any CPU.Build.0 = Release|Any CPU
	EndGlobalSection
	GlobalSection(SolutionProperties) = preSolution
		HideSolutionNode = FALSE
	EndGlobalSection
	GlobalSection(ExtensibilityGlobals) = postSolution
		SolutionGuid = {D517CD59-0008-470F-AC88-4482DA8DF884}
	EndGlobalSection
EndGlobal
