
Microsoft Visual Studio Solution File, Format Version 12.00
# Visual Studio Version 17
VisualStudioVersion = 17.7.34009.444
MinimumVisualStudioVersion = 10.0.40219.1
Project("{FAE04EC0-301F-11D3-BF4B-00C04F79EFBC}") = "Abstract Properties", "Abstract Properties\Abstract Properties.csproj", "{20FEA2C2-60DA-452D-BB1D-C1E72E621CE8}"
EndProject
Global
	GlobalSection(SolutionConfigurationPlatforms) = preSolution
		Debug|Any CPU = Debug|Any CPU
		Release|Any CPU = Release|Any CPU
	EndGlobalSection
	GlobalSection(ProjectConfigurationPlatforms) = postSolution
		{20FEA2C2-60DA-452D-BB1D-C1E72E621CE8}.Debug|Any CPU.ActiveCfg = Debug|Any CPU
		{20FEA2C2-60DA-452D-BB1D-C1E72E621CE8}.Debug|Any CPU.Build.0 = Debug|Any CPU
		{20FEA2C2-60DA-452D-BB1D-C1E72E621CE8}.Release|Any CPU.ActiveCfg = Release|Any CPU
		{20FEA2C2-60DA-452D-BB1D-C1E72E621CE8}.Release|Any CPU.Build.0 = Release|Any CPU
	EndGlobalSection
	GlobalSection(SolutionProperties) = preSolution
		HideSolutionNode = FALSE
	EndGlobalSection
	GlobalSection(ExtensibilityGlobals) = postSolution
		SolutionGuid = {0956842D-E769-4CA3-9AC1-0FC4C1028D7F}
	EndGlobalSection
EndGlobal
